// !$*UTF8*$!
{
	archiveVersion = 1;
	classes = {
	};
	objectVersion = 77;
	objects = {

/* Begin PBXContainerItemProxy section */
		81BEFE8A2CBFBF2A00B1E8ED /* PBXContainerItemProxy */ = {
			isa = PBXContainerItemProxy;
			containerPortal = 81BEFE712CBFBF2800B1E8ED /* Project object */;
			proxyType = 1;
			remoteGlobalIDString = 81BEFE782CBFBF2800B1E8ED;
			remoteInfo = ConvertApp;
		};
		81BEFE942CBFBF2A00B1E8ED /* PBXContainerItemProxy */ = {
			isa = PBXContainerItemProxy;
			containerPortal = 81BEFE712CBFBF2800B1E8ED /* Project object */;
			proxyType = 1;
			remoteGlobalIDString = 81BEFE782CBFBF2800B1E8ED;
			remoteInfo = ConvertApp;
		};
/* End PBXContainerItemProxy section */

/* Begin PBXFileReference section */
		81BEFE792CBFBF2800B1E8ED /* ConvertApp.app */ = {isa = PBXFileReference; explicitFileType = wrapper.application; includeInIndex = 0; path = ConvertApp.app; sourceTree = BUILT_PRODUCTS_DIR; };
		81BEFE892CBFBF2A00B1E8ED /* ConvertAppTests.xctest */ = {isa = PBXFileReference; explicitFileType = wrapper.cfbundle; includeInIndex = 0; path = ConvertAppTests.xctest; sourceTree = BUILT_PRODUCTS_DIR; };
		81BEFE932CBFBF2A00B1E8ED /* ConvertAppUITests.xctest */ = {isa = PBXFileReference; explicitFileType = wrapper.cfbundle; includeInIndex = 0; path = ConvertAppUITests.xctest; sourceTree = BUILT_PRODUCTS_DIR; };
/* End PBXFileReference section */

/* Begin PBXFileSystemSynchronizedRootGroup section */
		81BEFE7B2CBFBF2800B1E8ED /* ConvertApp */ = {
			isa = PBXFileSystemSynchronizedRootGroup;
			path = ConvertApp;
			sourceTree = "<group>";
		};
		81BEFE8C2CBFBF2A00B1E8ED /* ConvertAppTests */ = {
			isa = PBXFileSystemSynchronizedRootGroup;
			path = ConvertAppTests;
			sourceTree = "<group>";
		};
		81BEFE962CBFBF2A00B1E8ED /* ConvertAppUITests */ = {
			isa = PBXFileSystemSynchronizedRootGroup;
			path = ConvertAppUITests;
			sourceTree = "<group>";
		};
/* End PBXFileSystemSynchronizedRootGroup section */

/* Begin PBXFrameworksBuildPhase section */
		81BEFE762CBFBF2800B1E8ED /* Frameworks */ = {
			isa = PBXFrameworksBuildPhase;
			buildActionMask = 2147483647;
			files = (
			);
			runOnlyForDeploymentPostprocessing = 0;
		};
		81BEFE862CBFBF2A00B1E8ED /* Frameworks */ = {
			isa = PBXFrameworksBuildPhase;
			buildActionMask = 2147483647;
			files = (
			);
			runOnlyForDeploymentPostprocessing = 0;
		};
		81BEFE902CBFBF2A00B1E8ED /* Frameworks */ = {
			isa = PBXFrameworksBuildPhase;
			buildActionMask = 2147483647;
			files = (
			);
			runOnlyForDeploymentPostprocessing = 0;
		};
/* End PBXFrameworksBuildPhase section */

/* Begin PBXGroup section */
		81BEFE702CBFBF2800B1E8ED = {
			isa = PBXGroup;
			children = (
				81BEFE7B2CBFBF2800B1E8ED /* ConvertApp */,
				81BEFE8C2CBFBF2A00B1E8ED /* ConvertAppTests */,
				81BEFE962CBFBF2A00B1E8ED /* ConvertAppUITests */,
				81BEFE7A2CBFBF2800B1E8ED /* Products */,
			);
			sourceTree = "<group>";
		};
		81BEFE7A2CBFBF2800B1E8ED /* Products */ = {
			isa = PBXGroup;
			children = (
				81BEFE792CBFBF2800B1E8ED /* ConvertApp.app */,
				81BEFE892CBFBF2A00B1E8ED /* ConvertAppTests.xctest */,
				81BEFE932CBFBF2A00B1E8ED /* ConvertAppUITests.xctest */,
			);
			name = Products;
			sourceTree = "<group>";
		};
/* End PBXGroup section */

/* Begin PBXNativeTarget section */
		81BEFE782CBFBF2800B1E8ED /* ConvertApp */ = {
			isa = PBXNativeTarget;
			buildConfigurationList = 81BEFE9D2CBFBF2A00B1E8ED /* Build configuration list for PBXNativeTarget "ConvertApp" */;
			buildPhases = (
				81BEFE752CBFBF2800B1E8ED /* Sources */,
				81BEFE762CBFBF2800B1E8ED /* Frameworks */,
				81BEFE772CBFBF2800B1E8ED /* Resources */,
			);
			buildRules = (
			);
			dependencies = (
			);
			fileSystemSynchronizedGroups = (
				81BEFE7B2CBFBF2800B1E8ED /* ConvertApp */,
			);
			name = ConvertApp;
			packageProductDependencies = (
			);
			productName = ConvertApp;
			productReference = 81BEFE792CBFBF2800B1E8ED /* ConvertApp.app */;
			productType = "com.apple.product-type.application";
		};
		81BEFE882CBFBF2A00B1E8ED /* ConvertAppTests */ = {
			isa = PBXNativeTarget;
			buildConfigurationList = 81BEFEA02CBFBF2A00B1E8ED /* Build configuration list for PBXNativeTarget "ConvertAppTests" */;
			buildPhases = (
				81BEFE852CBFBF2A00B1E8ED /* Sources */,
				81BEFE862CBFBF2A00B1E8ED /* Frameworks */,
				81BEFE872CBFBF2A00B1E8ED /* Resources */,
			);
			buildRules = (
			);
			dependencies = (
				81BEFE8B2CBFBF2A00B1E8ED /* PBXTargetDependency */,
			);
			fileSystemSynchronizedGroups = (
				81BEFE8C2CBFBF2A00B1E8ED /* ConvertAppTests */,
			);
			name = ConvertAppTests;
			packageProductDependencies = (
			);
			productName = ConvertAppTests;
			productReference = 81BEFE892CBFBF2A00B1E8ED /* ConvertAppTests.xctest */;
			productType = "com.apple.product-type.bundle.unit-test";
		};
		81BEFE922CBFBF2A00B1E8ED /* ConvertAppUITests */ = {
			isa = PBXNativeTarget;
			buildConfigurationList = 81BEFEA32CBFBF2A00B1E8ED /* Build configuration list for PBXNativeTarget "ConvertAppUITests" */;
			buildPhases = (
				81BEFE8F2CBFBF2A00B1E8ED /* Sources */,
				81BEFE902CBFBF2A00B1E8ED /* Frameworks */,
				81BEFE912CBFBF2A00B1E8ED /* Resources */,
			);
			buildRules = (
			);
			dependencies = (
				81BEFE952CBFBF2A00B1E8ED /* PBXTargetDependency */,
			);
			fileSystemSynchronizedGroups = (
				81BEFE962CBFBF2A00B1E8ED /* ConvertAppUITests */,
			);
			name = ConvertAppUITests;
			packageProductDependencies = (
			);
			productName = ConvertAppUITests;
			productReference = 81BEFE932CBFBF2A00B1E8ED /* ConvertAppUITests.xctest */;
			productType = "com.apple.product-type.bundle.ui-testing";
		};
/* End PBXNativeTarget section */

/* Begin PBXProject section */
		81BEFE712CBFBF2800B1E8ED /* Project object */ = {
			isa = PBXProject;
			attributes = {
				BuildIndependentTargetsInParallel = 1;
				LastSwiftUpdateCheck = 1600;
				LastUpgradeCheck = 1600;
				TargetAttributes = {
					81BEFE782CBFBF2800B1E8ED = {
						CreatedOnToolsVersion = 16.0;
					};
					81BEFE882CBFBF2A00B1E8ED = {
						CreatedOnToolsVersion = 16.0;
						TestTargetID = 81BEFE782CBFBF2800B1E8ED;
					};
					81BEFE922CBFBF2A00B1E8ED = {
						CreatedOnToolsVersion = 16.0;
						TestTargetID = 81BEFE782CBFBF2800B1E8ED;
					};
				};
			};
			buildConfigurationList = 81BEFE742CBFBF2800B1E8ED /* Build configuration list for PBXProject "ConvertApp" */;
			developmentRegion = en;
			hasScannedForEncodings = 0;
			knownRegions = (
				en,
				Base,
			);
			mainGroup = 81BEFE702CBFBF2800B1E8ED;
			minimizedProjectReferenceProxies = 1;
			preferredProjectObjectVersion = 77;
			productRefGroup = 81BEFE7A2CBFBF2800B1E8ED /* Products */;
			projectDirPath = "";
			projectRoot = "";
			targets = (
				81BEFE782CBFBF2800B1E8ED /* ConvertApp */,
				81BEFE882CBFBF2A00B1E8ED /* ConvertAppTests */,
				81BEFE922CBFBF2A00B1E8ED /* ConvertAppUITests */,
			);
		};
/* End PBXProject section */

/* Begin PBXResourcesBuildPhase section */
		81BEFE772CBFBF2800B1E8ED /* Resources */ = {
			isa = PBXResourcesBuildPhase;
			buildActionMask = 2147483647;
			files = (
			);
			runOnlyForDeploymentPostprocessing = 0;
		};
		81BEFE872CBFBF2A00B1E8ED /* Resources */ = {
			isa = PBXResourcesBuildPhase;
			buildActionMask = 2147483647;
			files = (
			);
			runOnlyForDeploymentPostprocessing = 0;
		};
		81BEFE912CBFBF2A00B1E8ED /* Resources */ = {
			isa = PBXResourcesBuildPhase;
			buildActionMask = 2147483647;
			files = (
			);
			runOnlyForDeploymentPostprocessing = 0;
		};
/* End PBXResourcesBuildPhase section */

/* Begin PBXSourcesBuildPhase section */
		81BEFE752CBFBF2800B1E8ED /* Sources */ = {
			isa = PBXSourcesBuildPhase;
			buildActionMask = 2147483647;
			files = (
			);
			runOnlyForDeploymentPostprocessing = 0;
		};
		81BEFE852CBFBF2A00B1E8ED /* Sources */ = {
			isa = PBXSourcesBuildPhase;
			buildActionMask = 2147483647;
			files = (
			);
			runOnlyForDeploymentPostprocessing = 0;
		};
		81BEFE8F2CBFBF2A00B1E8ED /* Sources */ = {
			isa = PBXSourcesBuildPhase;
			buildActionMask = 2147483647;
			files = (
			);
			runOnlyForDeploymentPostprocessing = 0;
		};
/* End PBXSourcesBuildPhase section */

/* Begin PBXTargetDependency section */
		81BEFE8B2CBFBF2A00B1E8ED /* PBXTargetDependency */ = {
			isa = PBXTargetDependency;
			target = 81BEFE782CBFBF2800B1E8ED /* ConvertApp */;
			targetProxy = 81BEFE8A2CBFBF2A00B1E8ED /* PBXContainerItemProxy */;
		};
		81BEFE952CBFBF2A00B1E8ED /* PBXTargetDependency */ = {
			isa = PBXTargetDependency;
			target = 81BEFE782CBFBF2800B1E8ED /* ConvertApp */;
			targetProxy = 81BEFE942CBFBF2A00B1E8ED /* PBXContainerItemProxy */;
		};
/* End PBXTargetDependency section */

/* Begin XCBuildConfiguration section */
		81BEFE9B2CBFBF2A00B1E8ED /* Debug */ = {
			isa = XCBuildConfiguration;
			buildSettings = {
				ALWAYS_SEARCH_USER_PATHS = NO;
				ASSETCATALOG_COMPILER_GENERATE_SWIFT_ASSET_SYMBOL_EXTENSIONS = YES;
				CLANG_ANALYZER_NONNULL = YES;
				CLANG_ANALYZER_NUMBER_OBJECT_CONVERSION = YES_AGGRESSIVE;
				CLANG_CXX_LANGUAGE_STANDARD = "gnu++20";
				CLANG_ENABLE_MODULES = YES;
				CLANG_ENABLE_OBJC_ARC = YES;
				CLANG_ENABLE_OBJC_WEAK = YES;
				CLANG_WARN_BLOCK_CAPTURE_AUTORELEASING = YES;
				CLANG_WARN_BOOL_CONVERSION = YES;
				CLANG_WARN_COMMA = YES;
				CLANG_WARN_CONSTANT_CONVERSION = YES;
				CLANG_WARN_DEPRECATED_OBJC_IMPLEMENTATIONS = YES;
				CLANG_WARN_DIRECT_OBJC_ISA_USAGE = YES_ERROR;
				CLANG_WARN_DOCUMENTATION_COMMENTS = YES;
				CLANG_WARN_EMPTY_BODY = YES;
				CLANG_WARN_ENUM_CONVERSION = YES;
				CLANG_WARN_INFINITE_RECURSION = YES;
				CLANG_WARN_INT_CONVERSION = YES;
				CLANG_WARN_NON_LITERAL_NULL_CONVERSION = YES;
				CLANG_WARN_OBJC_IMPLICIT_RETAIN_SELF = YES;
				CLANG_WARN_OBJC_LITERAL_CONVERSION = YES;
				CLANG_WARN_OBJC_ROOT_CLASS = YES_ERROR;
				CLANG_WARN_QUOTED_INCLUDE_IN_FRAMEWORK_HEADER = YES;
				CLANG_WARN_RANGE_LOOP_ANALYSIS = YES;
				CLANG_WARN_STRICT_PROTOTYPES = YES;
				CLANG_WARN_SUSPICIOUS_MOVE = YES;
				CLANG_WARN_UNGUARDED_AVAILABILITY = YES_AGGRESSIVE;
				CLANG_WARN_UNREACHABLE_CODE = YES;
				CLANG_WARN__DUPLICATE_METHOD_MATCH = YES;
				COPY_PHASE_STRIP = NO;
				DEBUG_INFORMATION_FORMAT = dwarf;
				ENABLE_STRICT_OBJC_MSGSEND = YES;
				ENABLE_TESTABILITY = YES;
				ENABLE_USER_SCRIPT_SANDBOXING = YES;
				GCC_C_LANGUAGE_STANDARD = gnu17;
				GCC_DYNAMIC_NO_PIC = NO;
				GCC_NO_COMMON_BLOCKS = YES;
				GCC_OPTIMIZATION_LEVEL = 0;
				GCC_PREPROCESSOR_DEFINITIONS = (
					"DEBUG=1",
					"$(inherited)",
				);
				GCC_WARN_64_TO_32_BIT_CONVERSION = YES;
				GCC_WARN_ABOUT_RETURN_TYPE = YES_ERROR;
				GCC_WARN_UNDECLARED_SELECTOR = YES;
				GCC_WARN_UNINITIALIZED_AUTOS = YES_AGGRESSIVE;
				GCC_WARN_UNUSED_FUNCTION = YES;
				GCC_WARN_UNUSED_VARIABLE = YES;
				IPHONEOS_DEPLOYMENT_TARGET = 18.0;
				LOCALIZATION_PREFERS_STRING_CATALOGS = YES;
				MTL_ENABLE_DEBUG_INFO = INCLUDE_SOURCE;
				MTL_FAST_MATH = YES;
				ONLY_ACTIVE_ARCH = YES;
				SDKROOT = iphoneos;
				SWIFT_ACTIVE_COMPILATION_CONDITIONS = "DEBUG $(inherited)";
				SWIFT_OPTIMIZATION_LEVEL = "-Onone";
			};
			name = Debug;
		};
		81BEFE9C2CBFBF2A00B1E8ED /* Release */ = {
			isa = XCBuildConfiguration;
			buildSettings = {
				ALWAYS_SEARCH_USER_PATHS = NO;
				ASSETCATALOG_COMPILER_GENERATE_SWIFT_ASSET_SYMBOL_EXTENSIONS = YES;
				CLANG_ANALYZER_NONNULL = YES;
				CLANG_ANALYZER_NUMBER_OBJECT_CONVERSION = YES_AGGRESSIVE;
				CLANG_CXX_LANGUAGE_STANDARD = "gnu++20";
				CLANG_ENABLE_MODULES = YES;
				CLANG_ENABLE_OBJC_ARC = YES;
				CLANG_ENABLE_OBJC_WEAK = YES;
				CLANG_WARN_BLOCK_CAPTURE_AUTORELEASING = YES;
				CLANG_WARN_BOOL_CONVERSION = YES;
				CLANG_WARN_COMMA = YES;
				CLANG_WARN_CONSTANT_CONVERSION = YES;
				CLANG_WARN_DEPRECATED_OBJC_IMPLEMENTATIONS = YES;
				CLANG_WARN_DIRECT_OBJC_ISA_USAGE = YES_ERROR;
				CLANG_WARN_DOCUMENTATION_COMMENTS = YES;
				CLANG_WARN_EMPTY_BODY = YES;
				CLANG_WARN_ENUM_CONVERSION = YES;
				CLANG_WARN_INFINITE_RECURSION = YES;
				CLANG_WARN_INT_CONVERSION = YES;
				CLANG_WARN_NON_LITERAL_NULL_CONVERSION = YES;
				CLANG_WARN_OBJC_IMPLICIT_RETAIN_SELF = YES;
				CLANG_WARN_OBJC_LITERAL_CONVERSION = YES;
				CLANG_WARN_OBJC_ROOT_CLASS = YES_ERROR;
				CLANG_WARN_QUOTED_INCLUDE_IN_FRAMEWORK_HEADER = YES;
				CLANG_WARN_RANGE_LOOP_ANALYSIS = YES;
				CLANG_WARN_STRICT_PROTOTYPES = YES;
				CLANG_WARN_SUSPICIOUS_MOVE = YES;
				CLANG_WARN_UNGUARDED_AVAILABILITY = YES_AGGRESSIVE;
				CLANG_WARN_UNREACHABLE_CODE = YES;
				CLANG_WARN__DUPLICATE_METHOD_MATCH = YES;
				COPY_PHASE_STRIP = NO;
				DEBUG_INFORMATION_FORMAT = "dwarf-with-dsym";
				ENABLE_NS_ASSERTIONS = NO;
				ENABLE_STRICT_OBJC_MSGSEND = YES;
				ENABLE_USER_SCRIPT_SANDBOXING = YES;
				GCC_C_LANGUAGE_STANDARD = gnu17;
				GCC_NO_COMMON_BLOCKS = YES;
				GCC_WARN_64_TO_32_BIT_CONVERSION = YES;
				GCC_WARN_ABOUT_RETURN_TYPE = YES_ERROR;
				GCC_WARN_UNDECLARED_SELECTOR = YES;
				GCC_WARN_UNINITIALIZED_AUTOS = YES_AGGRESSIVE;
				GCC_WARN_UNUSED_FUNCTION = YES;
				GCC_WARN_UNUSED_VARIABLE = YES;
				IPHONEOS_DEPLOYMENT_TARGET = 18.0;
				LOCALIZATION_PREFERS_STRING_CATALOGS = YES;
				MTL_ENABLE_DEBUG_INFO = NO;
				MTL_FAST_MATH = YES;
				SDKROOT = iphoneos;
				SWIFT_COMPILATION_MODE = wholemodule;
				VALIDATE_PRODUCT = YES;
			};
			name = Release;
		};
		81BEFE9E2CBFBF2A00B1E8ED /* Debug */ = {
			isa = XCBuildConfiguration;
			buildSettings = {
				ASSETCATALOG_COMPILER_APPICON_NAME = AppIcon;
				ASSETCATALOG_COMPILER_GLOBAL_ACCENT_COLOR_NAME = AccentColor;
				CODE_SIGN_STYLE = Automatic;
				CURRENT_PROJECT_VERSION = 1;
				DEVELOPMENT_ASSET_PATHS = "\"ConvertApp/Preview Content\"";
				DEVELOPMENT_TEAM = TKQ52WL29C;
				ENABLE_PREVIEWS = YES;
				GENERATE_INFOPLIST_FILE = YES;
				INFOPLIST_KEY_UIApplicationSceneManifest_Generation = YES;
				INFOPLIST_KEY_UIApplicationSupportsIndirectInputEvents = YES;
				INFOPLIST_KEY_UILaunchScreen_Generation = YES;
				INFOPLIST_KEY_UISupportedInterfaceOrientations_iPad = "UIInterfaceOrientationPortrait UIInterfaceOrientationPortraitUpsideDown UIInterfaceOrientationLandscapeLeft UIInterfaceOrientationLandscapeRight";
				INFOPLIST_KEY_UISupportedInterfaceOrientations_iPhone = "UIInterfaceOrientationPortrait UIInterfaceOrientationLandscapeLeft UIInterfaceOrientationLandscapeRight";
				LD_RUNPATH_SEARCH_PATHS = (
					"$(inherited)",
					"@executable_path/Frameworks",
				);
				MARKETING_VERSION = 1.0;
				PRODUCT_BUNDLE_IDENTIFIER = me.Malak.Yehia.ConvertApp;
				PRODUCT_NAME = "$(TARGET_NAME)";
				SWIFT_EMIT_LOC_STRINGS = YES;
				SWIFT_VERSION = 5.0;
				TARGETED_DEVICE_FAMILY = "1,2";
			};
			name = Debug;
		};
		81BEFE9F2CBFBF2A00B1E8ED /* Release */ = {
			isa = XCBuildConfiguration;
			buildSettings = {
				ASSETCATALOG_COMPILER_APPICON_NAME = AppIcon;
				ASSETCATALOG_COMPILER_GLOBAL_ACCENT_COLOR_NAME = AccentColor;
				CODE_SIGN_STYLE = Automatic;
				CURRENT_PROJECT_VERSION = 1;
				DEVELOPMENT_ASSET_PATHS = "\"ConvertApp/Preview Content\"";
				DEVELOPMENT_TEAM = TKQ52WL29C;
				ENABLE_PREVIEWS = YES;
				GENERATE_INFOPLIST_FILE = YES;
				INFOPLIST_KEY_UIApplicationSceneManifest_Generation = YES;
				INFOPLIST_KEY_UIApplicationSupportsIndirectInputEvents = YES;
				INFOPLIST_KEY_UILaunchScreen_Generation = YES;
				INFOPLIST_KEY_UISupportedInterfaceOrientations_iPad = "UIInterfaceOrientationPortrait UIInterfaceOrientationPortraitUpsideDown UIInterfaceOrientationLandscapeLeft UIInterfaceOrientationLandscapeRight";
				INFOPLIST_KEY_UISupportedInterfaceOrientations_iPhone = "UIInterfaceOrientationPortrait UIInterfaceOrientationLandscapeLeft UIInterfaceOrientationLandscapeRight";
				LD_RUNPATH_SEARCH_PATHS = (
					"$(inherited)",
					"@executable_path/Frameworks",
				);
				MARKETING_VERSION = 1.0;
				PRODUCT_BUNDLE_IDENTIFIER = me.Malak.Yehia.ConvertApp;
				PRODUCT_NAME = "$(TARGET_NAME)";
				SWIFT_EMIT_LOC_STRINGS = YES;
				SWIFT_VERSION = 5.0;
				TARGETED_DEVICE_FAMILY = "1,2";
			};
			name = Release;
		};
		81BEFEA12CBFBF2A00B1E8ED /* Debug */ = {
			isa = XCBuildConfiguration;
			buildSettings = {
				BUNDLE_LOADER = "$(TEST_HOST)";
				CODE_SIGN_STYLE = Automatic;
				CURRENT_PROJECT_VERSION = 1;
				DEVELOPMENT_TEAM = TKQ52WL29C;
				GENERATE_INFOPLIST_FILE = YES;
				IPHONEOS_DEPLOYMENT_TARGET = 18.0;
				MARKETING_VERSION = 1.0;
				PRODUCT_BUNDLE_IDENTIFIER = me.Malak.Yehia.ConvertAppTests;
				PRODUCT_NAME = "$(TARGET_NAME)";
				SWIFT_EMIT_LOC_STRINGS = NO;
				SWIFT_VERSION = 5.0;
				TARGETED_DEVICE_FAMILY = "1,2";
				TEST_HOST = "$(BUILT_PRODUCTS_DIR)/ConvertApp.app/$(BUNDLE_EXECUTABLE_FOLDER_PATH)/ConvertApp";
			};
			name = Debug;
		};
		81BEFEA22CBFBF2A00B1E8ED /* Release */ = {
			isa = XCBuildConfiguration;
			buildSettings = {
				BUNDLE_LOADER = "$(TEST_HOST)";
				CODE_SIGN_STYLE = Automatic;
				CURRENT_PROJECT_VERSION = 1;
				DEVELOPMENT_TEAM = TKQ52WL29C;
				GENERATE_INFOPLIST_FILE = YES;
				IPHONEOS_DEPLOYMENT_TARGET = 18.0;
				MARKETING_VERSION = 1.0;
				PRODUCT_BUNDLE_IDENTIFIER = me.Malak.Yehia.ConvertAppTests;
				PRODUCT_NAME = "$(TARGET_NAME)";
				SWIFT_EMIT_LOC_STRINGS = NO;
				SWIFT_VERSION = 5.0;
				TARGETED_DEVICE_FAMILY = "1,2";
				TEST_HOST = "$(BUILT_PRODUCTS_DIR)/ConvertApp.app/$(BUNDLE_EXECUTABLE_FOLDER_PATH)/ConvertApp";
			};
			name = Release;
		};
		81BEFEA42CBFBF2A00B1E8ED /* Debug */ = {
			isa = XCBuildConfiguration;
			buildSettings = {
				CODE_SIGN_STYLE = Automatic;
				CURRENT_PROJECT_VERSION = 1;
				DEVELOPMENT_TEAM = TKQ52WL29C;
				GENERATE_INFOPLIST_FILE = YES;
				MARKETING_VERSION = 1.0;
				PRODUCT_BUNDLE_IDENTIFIER = me.Malak.Yehia.ConvertAppUITests;
				PRODUCT_NAME = "$(TARGET_NAME)";
				SWIFT_EMIT_LOC_STRINGS = NO;
				SWIFT_VERSION = 5.0;
				TARGETED_DEVICE_FAMILY = "1,2";
				TEST_TARGET_NAME = ConvertApp;
			};
			name = Debug;
		};
		81BEFEA52CBFBF2A00B1E8ED /* Release */ = {
			isa = XCBuildConfiguration;
			buildSettings = {
				CODE_SIGN_STYLE = Automatic;
				CURRENT_PROJECT_VERSION = 1;
				DEVELOPMENT_TEAM = TKQ52WL29C;
				GENERATE_INFOPLIST_FILE = YES;
				MARKETING_VERSION = 1.0;
				PRODUCT_BUNDLE_IDENTIFIER = me.Malak.Yehia.ConvertAppUITests;
				PRODUCT_NAME = "$(TARGET_NAME)";
				SWIFT_EMIT_LOC_STRINGS = NO;
				SWIFT_VERSION = 5.0;
				TARGETED_DEVICE_FAMILY = "1,2";
				TEST_TARGET_NAME = ConvertApp;
			};
			name = Release;
		};
/* End XCBuildConfiguration section */

/* Begin XCConfigurationList section */
		81BEFE742CBFBF2800B1E8ED /* Build configuration list for PBXProject "ConvertApp" */ = {
			isa = XCConfigurationList;
			buildConfigurations = (
				81BEFE9B2CBFBF2A00B1E8ED /* Debug */,
				81BEFE9C2CBFBF2A00B1E8ED /* Release */,
			);
			defaultConfigurationIsVisible = 0;
			defaultConfigurationName = Release;
		};
		81BEFE9D2CBFBF2A00B1E8ED /* Build configuration list for PBXNativeTarget "ConvertApp" */ = {
			isa = XCConfigurationList;
			buildConfigurations = (
				81BEFE9E2CBFBF2A00B1E8ED /* Debug */,
				81BEFE9F2CBFBF2A00B1E8ED /* Release */,
			);
			defaultConfigurationIsVisible = 0;
			defaultConfigurationName = Release;
		};
		81BEFEA02CBFBF2A00B1E8ED /* Build configuration list for PBXNativeTarget "ConvertAppTests" */ = {
			isa = XCConfigurationList;
			buildConfigurations = (
				81BEFEA12CBFBF2A00B1E8ED /* Debug */,
				81BEFEA22CBFBF2A00B1E8ED /* Release */,
			);
			defaultConfigurationIsVisible = 0;
			defaultConfigurationName = Release;
		};
		81BEFEA32CBFBF2A00B1E8ED /* Build configuration list for PBXNativeTarget "ConvertAppUITests" */ = {
			isa = XCConfigurationList;
			buildConfigurations = (
				81BEFEA42CBFBF2A00B1E8ED /* Debug */,
				81BEFEA52CBFBF2A00B1E8ED /* Release */,
			);
			defaultConfigurationIsVisible = 0;
			defaultConfigurationName = Release;
		};
/* End XCConfigurationList section */
	};
	rootObject = 81BEFE712CBFBF2800B1E8ED /* Project object */;
}
